
Microsoft Visual Studio Solution File, Format Version 12.00
# Visual Studio Version 17
VisualStudioVersion = 17.13.35913.81 d17.13
MinimumVisualStudioVersion = 10.0.40219.1
Project("{FAE04EC0-301F-11D3-BF4B-00C04F79EFBC}") = "Api.GRRInnovations.HealthMetrics", "Api.GRRInnovations.HealthMetrics\Api.GRRInnovations.HealthMetrics.csproj", "{782AFF09-393A-4038-B19E-FF1934E7D7C5}"
EndProject
Global
	GlobalSection(SolutionConfigurationPlatforms) = preSolution
		Debug|Any CPU = Debug|Any CPU
		Release|Any CPU = Release|Any CPU
	EndGlobalSection
	GlobalSection(ProjectConfigurationPlatforms) = postSolution
		{782AFF09-393A-4038-B19E-FF1934E7D7C5}.Debug|Any CPU.ActiveCfg = Debug|Any CPU
		{782AFF09-393A-4038-B19E-FF1934E7D7C5}.Debug|Any CPU.Build.0 = Debug|Any CPU
		{782AFF09-393A-4038-B19E-FF1934E7D7C5}.Release|Any CPU.ActiveCfg = Release|Any CPU
		{782AFF09-393A-4038-B19E-FF1934E7D7C5}.Release|Any CPU.Build.0 = Release|Any CPU
	EndGlobalSection
	GlobalSection(SolutionProperties) = preSolution
		HideSolutionNode = FALSE
	EndGlobalSection
	GlobalSection(ExtensibilityGlobals) = postSolution
		SolutionGuid = {D2BFB014-05AB-469D-80BF-37A0E20B1285}
	EndGlobalSection
EndGlobal
